// !$*UTF8*$!
{
	archiveVersion = 1;
	classes = {
	};
	objectVersion = 77;
	objects = {

/* Begin PBXBuildFile section */
		D72B21EE2DE5031B00B0CF55 /* MIDIKit in Frameworks */ = {isa = PBXBuildFile; productRef = D72B21ED2DE5031B00B0CF55 /* MIDIKit */; };
		D72B21F02DE5031B00B0CF55 /* MIDIKitCore in Frameworks */ = {isa = PBXBuildFile; productRef = D72B21EF2DE5031B00B0CF55 /* MIDIKitCore */; };
		D72B21F22DE5031B00B0CF55 /* MIDIKitSMF in Frameworks */ = {isa = PBXBuildFile; productRef = D72B21F12DE5031B00B0CF55 /* MIDIKitSMF */; };
		D77D1EC52DEC8F6A00E6D029 /* RealityKitContent in Frameworks */ = {isa = PBXBuildFile; productRef = D77D1EC42DEC8F6A00E6D029 /* RealityKitContent */; };
		D77D1ECD2DEC929000E6D029 /* MIDIs in Resources */ = {isa = PBXBuildFile; fileRef = D77D1ECC2DEC927900E6D029 /* MIDIs */; };
/* End PBXBuildFile section */

/* Begin PBXContainerItemProxy section */
		D7A7ED442DE3954500B71F30 /* PBXContainerItemProxy */ = {
			isa = PBXContainerItemProxy;
			containerPortal = D7A7ED202DE3954400B71F30 /* Project object */;
			proxyType = 1;
			remoteGlobalIDString = D7A7ED272DE3954400B71F30;
			remoteInfo = Visiano;
		};
/* End PBXContainerItemProxy section */

/* Begin PBXFileReference section */
		D77D1ECC2DEC927900E6D029 /* MIDIs */ = {isa = PBXFileReference; lastKnownFileType = folder; path = MIDIs; sourceTree = "<group>"; };
		D7A7ED282DE3954400B71F30 /* Visiano.app */ = {isa = PBXFileReference; explicitFileType = wrapper.application; includeInIndex = 0; path = Visiano.app; sourceTree = BUILT_PRODUCTS_DIR; };
		D7A7ED2C2DE3954400B71F30 /* RealityKitContent */ = {isa = PBXFileReference; lastKnownFileType = wrapper; path = RealityKitContent; sourceTree = "<group>"; };
		D7A7ED432DE3954500B71F30 /* VisianoTests.xctest */ = {isa = PBXFileReference; explicitFileType = wrapper.cfbundle; includeInIndex = 0; path = VisianoTests.xctest; sourceTree = BUILT_PRODUCTS_DIR; };
/* End PBXFileReference section */

/* Begin PBXFileSystemSynchronizedBuildFileExceptionSet section */
		D7A7ED492DE3954500B71F30 /* Exceptions for "Visiano" folder in "Visiano" target */ = {
			isa = PBXFileSystemSynchronizedBuildFileExceptionSet;
			membershipExceptions = (
				Info.plist,
			);
			target = D7A7ED272DE3954400B71F30 /* Visiano */;
		};
/* End PBXFileSystemSynchronizedBuildFileExceptionSet section */

/* Begin PBXFileSystemSynchronizedRootGroup section */
		D7A7ED2A2DE3954400B71F30 /* Visiano */ = {
			isa = PBXFileSystemSynchronizedRootGroup;
			exceptions = (
				D7A7ED492DE3954500B71F30 /* Exceptions for "Visiano" folder in "Visiano" target */,
			);
			path = Visiano;
			sourceTree = "<group>";
		};
		D7A7ED462DE3954500B71F30 /* VisianoTests */ = {
			isa = PBXFileSystemSynchronizedRootGroup;
			path = VisianoTests;
			sourceTree = "<group>";
		};
/* End PBXFileSystemSynchronizedRootGroup section */

/* Begin PBXFrameworksBuildPhase section */
		D7A7ED252DE3954400B71F30 /* Frameworks */ = {
			isa = PBXFrameworksBuildPhase;
			buildActionMask = 2147483647;
			files = (
				D72B21F02DE5031B00B0CF55 /* MIDIKitCore in Frameworks */,
				D72B21EE2DE5031B00B0CF55 /* MIDIKit in Frameworks */,
				D77D1EC52DEC8F6A00E6D029 /* RealityKitContent in Frameworks */,
				D72B21F22DE5031B00B0CF55 /* MIDIKitSMF in Frameworks */,
			);
			runOnlyForDeploymentPostprocessing = 0;
		};
		D7A7ED402DE3954500B71F30 /* Frameworks */ = {
			isa = PBXFrameworksBuildPhase;
			buildActionMask = 2147483647;
			files = (
			);
			runOnlyForDeploymentPostprocessing = 0;
		};
/* End PBXFrameworksBuildPhase section */

/* Begin PBXGroup section */
		D79637F92DE90CA200247A27 /* Frameworks */ = {
			isa = PBXGroup;
			children = (
			);
			name = Frameworks;
			sourceTree = "<group>";
		};
		D7A7ED1F2DE3954400B71F30 = {
			isa = PBXGroup;
			children = (
				D77D1ECC2DEC927900E6D029 /* MIDIs */,
				D7A7ED2A2DE3954400B71F30 /* Visiano */,
				D7A7ED2B2DE3954400B71F30 /* Packages */,
				D7A7ED462DE3954500B71F30 /* VisianoTests */,
				D7A7ED292DE3954400B71F30 /* Products */,
				D79637F92DE90CA200247A27 /* Frameworks */,
			);
			sourceTree = "<group>";
		};
		D7A7ED292DE3954400B71F30 /* Products */ = {
			isa = PBXGroup;
			children = (
				D7A7ED282DE3954400B71F30 /* Visiano.app */,
				D7A7ED432DE3954500B71F30 /* VisianoTests.xctest */,
			);
			name = Products;
			sourceTree = "<group>";
		};
		D7A7ED2B2DE3954400B71F30 /* Packages */ = {
			isa = PBXGroup;
			children = (
				D7A7ED2C2DE3954400B71F30 /* RealityKitContent */,
			);
			path = Packages;
			sourceTree = "<group>";
		};
/* End PBXGroup section */

/* Begin PBXNativeTarget section */
		D7A7ED272DE3954400B71F30 /* Visiano */ = {
			isa = PBXNativeTarget;
			buildConfigurationList = D7A7ED4A2DE3954500B71F30 /* Build configuration list for PBXNativeTarget "Visiano" */;
			buildPhases = (
				D7A7ED242DE3954400B71F30 /* Sources */,
				D7A7ED252DE3954400B71F30 /* Frameworks */,
				D7A7ED262DE3954400B71F30 /* Resources */,
			);
			buildRules = (
			);
			dependencies = (
			);
			fileSystemSynchronizedGroups = (
				D7A7ED2A2DE3954400B71F30 /* Visiano */,
			);
			name = Visiano;
			packageProductDependencies = (
				D72B21ED2DE5031B00B0CF55 /* MIDIKit */,
				D72B21EF2DE5031B00B0CF55 /* MIDIKitCore */,
				D72B21F12DE5031B00B0CF55 /* MIDIKitSMF */,
				D77D1EC42DEC8F6A00E6D029 /* RealityKitContent */,
			);
			productName = Visiano;
			productReference = D7A7ED282DE3954400B71F30 /* Visiano.app */;
			productType = "com.apple.product-type.application";
		};
		D7A7ED422DE3954500B71F30 /* VisianoTests */ = {
			isa = PBXNativeTarget;
			buildConfigurationList = D7A7ED4F2DE3954500B71F30 /* Build configuration list for PBXNativeTarget "VisianoTests" */;
			buildPhases = (
				D7A7ED3F2DE3954500B71F30 /* Sources */,
				D7A7ED402DE3954500B71F30 /* Frameworks */,
				D7A7ED412DE3954500B71F30 /* Resources */,
			);
			buildRules = (
			);
			dependencies = (
				D7A7ED452DE3954500B71F30 /* PBXTargetDependency */,
			);
			fileSystemSynchronizedGroups = (
				D7A7ED462DE3954500B71F30 /* VisianoTests */,
			);
			name = VisianoTests;
			packageProductDependencies = (
			);
			productName = VisianoTests;
			productReference = D7A7ED432DE3954500B71F30 /* VisianoTests.xctest */;
			productType = "com.apple.product-type.bundle.unit-test";
		};
/* End PBXNativeTarget section */

/* Begin PBXProject section */
		D7A7ED202DE3954400B71F30 /* Project object */ = {
			isa = PBXProject;
			attributes = {
				BuildIndependentTargetsInParallel = 1;
				LastSwiftUpdateCheck = 1620;
				LastUpgradeCheck = 1620;
				TargetAttributes = {
					D7A7ED272DE3954400B71F30 = {
						CreatedOnToolsVersion = 16.2;
					};
					D7A7ED422DE3954500B71F30 = {
						CreatedOnToolsVersion = 16.2;
						TestTargetID = D7A7ED272DE3954400B71F30;
					};
				};
			};
			buildConfigurationList = D7A7ED232DE3954400B71F30 /* Build configuration list for PBXProject "Visiano" */;
			developmentRegion = en;
			hasScannedForEncodings = 0;
			knownRegions = (
				en,
				Base,
			);
			mainGroup = D7A7ED1F2DE3954400B71F30;
			minimizedProjectReferenceProxies = 1;
			packageReferences = (
				D72B21EC2DE5031B00B0CF55 /* XCRemoteSwiftPackageReference "MIDIKit" */,
			);
			preferredProjectObjectVersion = 77;
			productRefGroup = D7A7ED292DE3954400B71F30 /* Products */;
			projectDirPath = "";
			projectRoot = "";
			targets = (
				D7A7ED272DE3954400B71F30 /* Visiano */,
				D7A7ED422DE3954500B71F30 /* VisianoTests */,
			);
		};
/* End PBXProject section */

/* Begin PBXResourcesBuildPhase section */
		D7A7ED262DE3954400B71F30 /* Resources */ = {
			isa = PBXResourcesBuildPhase;
			buildActionMask = 2147483647;
			files = (
				D77D1ECD2DEC929000E6D029 /* MIDIs in Resources */,
			);
			runOnlyForDeploymentPostprocessing = 0;
		};
		D7A7ED412DE3954500B71F30 /* Resources */ = {
			isa = PBXResourcesBuildPhase;
			buildActionMask = 2147483647;
			files = (
			);
			runOnlyForDeploymentPostprocessing = 0;
		};
/* End PBXResourcesBuildPhase section */

/* Begin PBXSourcesBuildPhase section */
		D7A7ED242DE3954400B71F30 /* Sources */ = {
			isa = PBXSourcesBuildPhase;
			buildActionMask = 2147483647;
			files = (
			);
			runOnlyForDeploymentPostprocessing = 0;
		};
		D7A7ED3F2DE3954500B71F30 /* Sources */ = {
			isa = PBXSourcesBuildPhase;
			buildActionMask = 2147483647;
			files = (
			);
			runOnlyForDeploymentPostprocessing = 0;
		};
/* End PBXSourcesBuildPhase section */

/* Begin PBXTargetDependency section */
		D7A7ED452DE3954500B71F30 /* PBXTargetDependency */ = {
			isa = PBXTargetDependency;
			target = D7A7ED272DE3954400B71F30 /* Visiano */;
			targetProxy = D7A7ED442DE3954500B71F30 /* PBXContainerItemProxy */;
		};
/* End PBXTargetDependency section */

/* Begin XCBuildConfiguration section */
		D7A7ED4B2DE3954500B71F30 /* Debug */ = {
			isa = XCBuildConfiguration;
			buildSettings = {
				ASSETCATALOG_COMPILER_APPICON_NAME = AppIcon;
				ASSETCATALOG_COMPILER_GLOBAL_ACCENT_COLOR_NAME = AccentColor;
				ASSETCATALOG_COMPILER_INCLUDE_ALL_APPICON_ASSETS = YES;
				CODE_SIGN_IDENTITY = "Apple Development";
				CODE_SIGN_STYLE = Automatic;
				CURRENT_PROJECT_VERSION = 1;
				DEVELOPMENT_ASSET_PATHS = "\"Visiano/Preview Content\"";
				DEVELOPMENT_TEAM = Z7MVW3GXC6;
				ENABLE_PREVIEWS = YES;
				GENERATE_INFOPLIST_FILE = YES;
				INFOPLIST_FILE = "$(TARGET_NAME)/Info.plist";
				LD_RUNPATH_SEARCH_PATHS = (
					"$(inherited)",
					"@executable_path/Frameworks",
				);
				MARKETING_VERSION = 1.3;
				PRODUCT_BUNDLE_IDENTIFIER = de.tha.visianoapp;
				PRODUCT_NAME = "$(TARGET_NAME)";
				PROVISIONING_PROFILE_SPECIFIER = "";
				SUPPORTED_PLATFORMS = "xros xrsimulator";
				SWIFT_EMIT_LOC_STRINGS = YES;
				SWIFT_VERSION = 5.0;
				TARGETED_DEVICE_FAMILY = 7;
			};
			name = Debug;
		};
		D7A7ED4C2DE3954500B71F30 /* Release */ = {
			isa = XCBuildConfiguration;
			buildSettings = {
				ASSETCATALOG_COMPILER_APPICON_NAME = AppIcon;
				ASSETCATALOG_COMPILER_GLOBAL_ACCENT_COLOR_NAME = AccentColor;
				ASSETCATALOG_COMPILER_INCLUDE_ALL_APPICON_ASSETS = YES;
				CODE_SIGN_IDENTITY = "Apple Development";
				CODE_SIGN_STYLE = Automatic;
				CURRENT_PROJECT_VERSION = 1;
				DEVELOPMENT_ASSET_PATHS = "\"Visiano/Preview Content\"";
				DEVELOPMENT_TEAM = Z7MVW3GXC6;
				ENABLE_PREVIEWS = YES;
				GENERATE_INFOPLIST_FILE = YES;
				INFOPLIST_FILE = "$(TARGET_NAME)/Info.plist";
				LD_RUNPATH_SEARCH_PATHS = (
					"$(inherited)",
					"@executable_path/Frameworks",
				);
				MARKETING_VERSION = 1.3;
				PRODUCT_BUNDLE_IDENTIFIER = de.tha.visianoapp;
				PRODUCT_NAME = "$(TARGET_NAME)";
				PROVISIONING_PROFILE_SPECIFIER = "";
				SUPPORTED_PLATFORMS = "xros xrsimulator";
				SWIFT_EMIT_LOC_STRINGS = YES;
				SWIFT_VERSION = 5.0;
				TARGETED_DEVICE_FAMILY = 7;
			};
			name = Release;
		};
		D7A7ED4D2DE3954500B71F30 /* Debug */ = {
			isa = XCBuildConfiguration;
			buildSettings = {
				ALWAYS_SEARCH_USER_PATHS = NO;
				ASSETCATALOG_COMPILER_GENERATE_SWIFT_ASSET_SYMBOL_EXTENSIONS = YES;
				CLANG_ANALYZER_NONNULL = YES;
				CLANG_ANALYZER_NUMBER_OBJECT_CONVERSION = YES_AGGRESSIVE;
				CLANG_CXX_LANGUAGE_STANDARD = "gnu++20";
				CLANG_ENABLE_MODULES = YES;
				CLANG_ENABLE_OBJC_ARC = YES;
				CLANG_ENABLE_OBJC_WEAK = YES;
				CLANG_WARN_BLOCK_CAPTURE_AUTORELEASING = YES;
				CLANG_WARN_BOOL_CONVERSION = YES;
				CLANG_WARN_COMMA = YES;
				CLANG_WARN_CONSTANT_CONVERSION = YES;
				CLANG_WARN_DEPRECATED_OBJC_IMPLEMENTATIONS = YES;
				CLANG_WARN_DIRECT_OBJC_ISA_USAGE = YES_ERROR;
				CLANG_WARN_DOCUMENTATION_COMMENTS = YES;
				CLANG_WARN_EMPTY_BODY = YES;
				CLANG_WARN_ENUM_CONVERSION = YES;
				CLANG_WARN_INFINITE_RECURSION = YES;
				CLANG_WARN_INT_CONVERSION = YES;
				CLANG_WARN_NON_LITERAL_NULL_CONVERSION = YES;
				CLANG_WARN_OBJC_IMPLICIT_RETAIN_SELF = YES;
				CLANG_WARN_OBJC_LITERAL_CONVERSION = YES;
				CLANG_WARN_OBJC_ROOT_CLASS = YES_ERROR;
				CLANG_WARN_QUOTED_INCLUDE_IN_FRAMEWORK_HEADER = YES;
				CLANG_WARN_RANGE_LOOP_ANALYSIS = YES;
				CLANG_WARN_STRICT_PROTOTYPES = YES;
				CLANG_WARN_SUSPICIOUS_MOVE = YES;
				CLANG_WARN_UNGUARDED_AVAILABILITY = YES_AGGRESSIVE;
				CLANG_WARN_UNREACHABLE_CODE = YES;
				CLANG_WARN__DUPLICATE_METHOD_MATCH = YES;
				COPY_PHASE_STRIP = NO;
				DEBUG_INFORMATION_FORMAT = dwarf;
				ENABLE_STRICT_OBJC_MSGSEND = YES;
				ENABLE_TESTABILITY = YES;
				ENABLE_USER_SCRIPT_SANDBOXING = YES;
				GCC_C_LANGUAGE_STANDARD = gnu17;
				GCC_DYNAMIC_NO_PIC = NO;
				GCC_NO_COMMON_BLOCKS = YES;
				GCC_OPTIMIZATION_LEVEL = 0;
				GCC_PREPROCESSOR_DEFINITIONS = (
					"DEBUG=1",
					"$(inherited)",
				);
				GCC_WARN_64_TO_32_BIT_CONVERSION = YES;
				GCC_WARN_ABOUT_RETURN_TYPE = YES_ERROR;
				GCC_WARN_UNDECLARED_SELECTOR = YES;
				GCC_WARN_UNINITIALIZED_AUTOS = YES_AGGRESSIVE;
				GCC_WARN_UNUSED_FUNCTION = YES;
				GCC_WARN_UNUSED_VARIABLE = YES;
				LOCALIZATION_PREFERS_STRING_CATALOGS = YES;
				MTL_ENABLE_DEBUG_INFO = INCLUDE_SOURCE;
				MTL_FAST_MATH = YES;
				ONLY_ACTIVE_ARCH = YES;
				SDKROOT = xros;
				SWIFT_ACTIVE_COMPILATION_CONDITIONS = "DEBUG $(inherited)";
				SWIFT_OPTIMIZATION_LEVEL = "-Onone";
				XROS_DEPLOYMENT_TARGET = 2.2;
			};
			name = Debug;
		};
		D7A7ED4E2DE3954500B71F30 /* Release */ = {
			isa = XCBuildConfiguration;
			buildSettings = {
				ALWAYS_SEARCH_USER_PATHS = NO;
				ASSETCATALOG_COMPILER_GENERATE_SWIFT_ASSET_SYMBOL_EXTENSIONS = YES;
				CLANG_ANALYZER_NONNULL = YES;
				CLANG_ANALYZER_NUMBER_OBJECT_CONVERSION = YES_AGGRESSIVE;
				CLANG_CXX_LANGUAGE_STANDARD = "gnu++20";
				CLANG_ENABLE_MODULES = YES;
				CLANG_ENABLE_OBJC_ARC = YES;
				CLANG_ENABLE_OBJC_WEAK = YES;
				CLANG_WARN_BLOCK_CAPTURE_AUTORELEASING = YES;
				CLANG_WARN_BOOL_CONVERSION = YES;
				CLANG_WARN_COMMA = YES;
				CLANG_WARN_CONSTANT_CONVERSION = YES;
				CLANG_WARN_DEPRECATED_OBJC_IMPLEMENTATIONS = YES;
				CLANG_WARN_DIRECT_OBJC_ISA_USAGE = YES_ERROR;
				CLANG_WARN_DOCUMENTATION_COMMENTS = YES;
				CLANG_WARN_EMPTY_BODY = YES;
				CLANG_WARN_ENUM_CONVERSION = YES;
				CLANG_WARN_INFINITE_RECURSION = YES;
				CLANG_WARN_INT_CONVERSION = YES;
				CLANG_WARN_NON_LITERAL_NULL_CONVERSION = YES;
				CLANG_WARN_OBJC_IMPLICIT_RETAIN_SELF = YES;
				CLANG_WARN_OBJC_LITERAL_CONVERSION = YES;
				CLANG_WARN_OBJC_ROOT_CLASS = YES_ERROR;
				CLANG_WARN_QUOTED_INCLUDE_IN_FRAMEWORK_HEADER = YES;
				CLANG_WARN_RANGE_LOOP_ANALYSIS = YES;
				CLANG_WARN_STRICT_PROTOTYPES = YES;
				CLANG_WARN_SUSPICIOUS_MOVE = YES;
				CLANG_WARN_UNGUARDED_AVAILABILITY = YES_AGGRESSIVE;
				CLANG_WARN_UNREACHABLE_CODE = YES;
				CLANG_WARN__DUPLICATE_METHOD_MATCH = YES;
				COPY_PHASE_STRIP = NO;
				DEBUG_INFORMATION_FORMAT = "dwarf-with-dsym";
				ENABLE_NS_ASSERTIONS = NO;
				ENABLE_STRICT_OBJC_MSGSEND = YES;
				ENABLE_USER_SCRIPT_SANDBOXING = YES;
				GCC_C_LANGUAGE_STANDARD = gnu17;
				GCC_NO_COMMON_BLOCKS = YES;
				GCC_WARN_64_TO_32_BIT_CONVERSION = YES;
				GCC_WARN_ABOUT_RETURN_TYPE = YES_ERROR;
				GCC_WARN_UNDECLARED_SELECTOR = YES;
				GCC_WARN_UNINITIALIZED_AUTOS = YES_AGGRESSIVE;
				GCC_WARN_UNUSED_FUNCTION = YES;
				GCC_WARN_UNUSED_VARIABLE = YES;
				LOCALIZATION_PREFERS_STRING_CATALOGS = YES;
				MTL_ENABLE_DEBUG_INFO = NO;
				MTL_FAST_MATH = YES;
				SDKROOT = xros;
				SWIFT_COMPILATION_MODE = wholemodule;
				VALIDATE_PRODUCT = YES;
				XROS_DEPLOYMENT_TARGET = 2.2;
			};
			name = Release;
		};
		D7A7ED502DE3954500B71F30 /* Debug */ = {
			isa = XCBuildConfiguration;
			buildSettings = {
				BUNDLE_LOADER = "$(TEST_HOST)";
				CODE_SIGN_STYLE = Automatic;
				CURRENT_PROJECT_VERSION = 1;
				GENERATE_INFOPLIST_FILE = YES;
				MARKETING_VERSION = 1.0;
				PRODUCT_BUNDLE_IDENTIFIER = de.tha.VisianoTests;
				PRODUCT_NAME = "$(TARGET_NAME)";
				SUPPORTED_PLATFORMS = "xros xrsimulator";
				SWIFT_EMIT_LOC_STRINGS = NO;
				SWIFT_VERSION = 5.0;
				TARGETED_DEVICE_FAMILY = 7;
				TEST_HOST = "$(BUILT_PRODUCTS_DIR)/Visiano.app/$(BUNDLE_EXECUTABLE_FOLDER_PATH)/Visiano";
				XROS_DEPLOYMENT_TARGET = 2.2;
			};
			name = Debug;
		};
		D7A7ED512DE3954500B71F30 /* Release */ = {
			isa = XCBuildConfiguration;
			buildSettings = {
				BUNDLE_LOADER = "$(TEST_HOST)";
				CODE_SIGN_STYLE = Automatic;
				CURRENT_PROJECT_VERSION = 1;
				GENERATE_INFOPLIST_FILE = YES;
				MARKETING_VERSION = 1.0;
				PRODUCT_BUNDLE_IDENTIFIER = de.tha.VisianoTests;
				PRODUCT_NAME = "$(TARGET_NAME)";
				SUPPORTED_PLATFORMS = "xros xrsimulator";
				SWIFT_EMIT_LOC_STRINGS = NO;
				SWIFT_VERSION = 5.0;
				TARGETED_DEVICE_FAMILY = 7;
				TEST_HOST = "$(BUILT_PRODUCTS_DIR)/Visiano.app/$(BUNDLE_EXECUTABLE_FOLDER_PATH)/Visiano";
				XROS_DEPLOYMENT_TARGET = 2.2;
			};
			name = Release;
		};
/* End XCBuildConfiguration section */

/* Begin XCConfigurationList section */
		D7A7ED232DE3954400B71F30 /* Build configuration list for PBXProject "Visiano" */ = {
			isa = XCConfigurationList;
			buildConfigurations = (
				D7A7ED4D2DE3954500B71F30 /* Debug */,
				D7A7ED4E2DE3954500B71F30 /* Release */,
			);
			defaultConfigurationIsVisible = 0;
			defaultConfigurationName = Release;
		};
		D7A7ED4A2DE3954500B71F30 /* Build configuration list for PBXNativeTarget "Visiano" */ = {
			isa = XCConfigurationList;
			buildConfigurations = (
				D7A7ED4B2DE3954500B71F30 /* Debug */,
				D7A7ED4C2DE3954500B71F30 /* Release */,
			);
			defaultConfigurationIsVisible = 0;
			defaultConfigurationName = Release;
		};
		D7A7ED4F2DE3954500B71F30 /* Build configuration list for PBXNativeTarget "VisianoTests" */ = {
			isa = XCConfigurationList;
			buildConfigurations = (
				D7A7ED502DE3954500B71F30 /* Debug */,
				D7A7ED512DE3954500B71F30 /* Release */,
			);
			defaultConfigurationIsVisible = 0;
			defaultConfigurationName = Release;
		};
/* End XCConfigurationList section */

/* Begin XCRemoteSwiftPackageReference section */
		D72B21EC2DE5031B00B0CF55 /* XCRemoteSwiftPackageReference "MIDIKit" */ = {
			isa = XCRemoteSwiftPackageReference;
			repositoryURL = "https://github.com/orchetect/MIDIKit";
			requirement = {
				kind = upToNextMajorVersion;
				minimumVersion = 0.10.1;
			};
		};
/* End XCRemoteSwiftPackageReference section */

/* Begin XCSwiftPackageProductDependency section */
		D72B21ED2DE5031B00B0CF55 /* MIDIKit */ = {
			isa = XCSwiftPackageProductDependency;
			package = D72B21EC2DE5031B00B0CF55 /* XCRemoteSwiftPackageReference "MIDIKit" */;
			productName = MIDIKit;
		};
		D72B21EF2DE5031B00B0CF55 /* MIDIKitCore */ = {
			isa = XCSwiftPackageProductDependency;
			package = D72B21EC2DE5031B00B0CF55 /* XCRemoteSwiftPackageReference "MIDIKit" */;
			productName = MIDIKitCore;
		};
		D72B21F12DE5031B00B0CF55 /* MIDIKitSMF */ = {
			isa = XCSwiftPackageProductDependency;
			package = D72B21EC2DE5031B00B0CF55 /* XCRemoteSwiftPackageReference "MIDIKit" */;
			productName = MIDIKitSMF;
		};
		D77D1EC42DEC8F6A00E6D029 /* RealityKitContent */ = {
			isa = XCSwiftPackageProductDependency;
			productName = RealityKitContent;
		};
/* End XCSwiftPackageProductDependency section */
	};
	rootObject = D7A7ED202DE3954400B71F30 /* Project object */;
}
